
Microsoft Visual Studio Solution File, Format Version 12.00
# Visual Studio Version 17
VisualStudioVersion = 17.14.36518.9 d17.14
MinimumVisualStudioVersion = 10.0.40219.1
Project("{FAE04EC0-301F-11D3-BF4B-00C04F79EFBC}") = "MythirdChamba", "MythirdChamba\MythirdChamba.csproj", "{8152CA33-7E87-4063-B4D5-E9204D195844}"
EndProject
Global
	GlobalSection(SolutionConfigurationPlatforms) = preSolution
		Debug|Any CPU = Debug|Any CPU
		Release|Any CPU = Release|Any CPU
	EndGlobalSection
	GlobalSection(ProjectConfigurationPlatforms) = postSolution
		{8152CA33-7E87-4063-B4D5-E9204D195844}.Debug|Any CPU.ActiveCfg = Debug|Any CPU
		{8152CA33-7E87-4063-B4D5-E9204D195844}.Debug|Any CPU.Build.0 = Debug|Any CPU
		{8152CA33-7E87-4063-B4D5-E9204D195844}.Release|Any CPU.ActiveCfg = Release|Any CPU
		{8152CA33-7E87-4063-B4D5-E9204D195844}.Release|Any CPU.Build.0 = Release|Any CPU
	EndGlobalSection
	GlobalSection(SolutionProperties) = preSolution
		HideSolutionNode = FALSE
	EndGlobalSection
	GlobalSection(ExtensibilityGlobals) = postSolution
		SolutionGuid = {3B2B645D-2B0E-460A-9095-8925F3F63DDF}
	EndGlobalSection
EndGlobal
